
Microsoft Visual Studio Solution File, Format Version 12.00
# Visual Studio Version 17
VisualStudioVersion = 17.3.32901.215
MinimumVisualStudioVersion = 10.0.40219.1
Project("{FAE04EC0-301F-11D3-BF4B-00C04F79EFBC}") = "XmlParser", "XmlParser.csproj", "{624BD13E-E1C7-4FD6-9F74-394F100F1227}"
EndProject
Project("{FAE04EC0-301F-11D3-BF4B-00C04F79EFBC}") = "XmlParserTests", "XmlparserTests\XmlParserTests.csproj", "{5DDA1BF4-47E2-4A61-90D3-F8D966F43F92}"
EndProject
Global
	GlobalSection(SolutionConfigurationPlatforms) = preSolution
		Debug|Any CPU = Debug|Any CPU
		Release|Any CPU = Release|Any CPU
	EndGlobalSection
	GlobalSection(ProjectConfigurationPlatforms) = postSolution
		{624BD13E-E1C7-4FD6-9F74-394F100F1227}.Debug|Any CPU.ActiveCfg = Debug|Any CPU
		{624BD13E-E1C7-4FD6-9F74-394F100F1227}.Debug|Any CPU.Build.0 = Debug|Any CPU
		{624BD13E-E1C7-4FD6-9F74-394F100F1227}.Release|Any CPU.ActiveCfg = Release|Any CPU
		{624BD13E-E1C7-4FD6-9F74-394F100F1227}.Release|Any CPU.Build.0 = Release|Any CPU
		{5DDA1BF4-47E2-4A61-90D3-F8D966F43F92}.Debug|Any CPU.ActiveCfg = Debug|Any CPU
		{5DDA1BF4-47E2-4A61-90D3-F8D966F43F92}.Debug|Any CPU.Build.0 = Debug|Any CPU
		{5DDA1BF4-47E2-4A61-90D3-F8D966F43F92}.Release|Any CPU.ActiveCfg = Release|Any CPU
		{5DDA1BF4-47E2-4A61-90D3-F8D966F43F92}.Release|Any CPU.Build.0 = Release|Any CPU
	EndGlobalSection
	GlobalSection(SolutionProperties) = preSolution
		HideSolutionNode = FALSE
	EndGlobalSection
	GlobalSection(ExtensibilityGlobals) = postSolution
		SolutionGuid = {269FFA0A-226C-4CBC-B76E-694E3E98E87F}
	EndGlobalSection
EndGlobal
